// !$*UTF8*$!
{
	archiveVersion = 1;
	classes = {
	};
	objectVersion = 46;
	objects = {

/* Begin PBXBuildFile section */
		035A5ED71D7900AA0007DE74 /* AppDelegate.swift in Sources */ = {isa = PBXBuildFile; fileRef = 035A5ED61D7900AA0007DE74 /* AppDelegate.swift */; };
		035A5ED91D7900AA0007DE74 /* ViewController.swift in Sources */ = {isa = PBXBuildFile; fileRef = 035A5ED81D7900AA0007DE74 /* ViewController.swift */; };
		035A5EDC1D7900AA0007DE74 /* Main.storyboard in Resources */ = {isa = PBXBuildFile; fileRef = 035A5EDA1D7900AA0007DE74 /* Main.storyboard */; };
		035A5EDE1D7900AA0007DE74 /* Assets.xcassets in Resources */ = {isa = PBXBuildFile; fileRef = 035A5EDD1D7900AA0007DE74 /* Assets.xcassets */; };
		035A5EE11D7900AA0007DE74 /* LaunchScreen.storyboard in Resources */ = {isa = PBXBuildFile; fileRef = 035A5EDF1D7900AA0007DE74 /* LaunchScreen.storyboard */; };
		03726CA21D79044F00FE7829 /* pokemon.csv in Resources */ = {isa = PBXBuildFile; fileRef = 03726CA11D79044F00FE7829 /* pokemon.csv */; };
		03726CA71D79068B00FE7829 /* Pokemon.swift in Sources */ = {isa = PBXBuildFile; fileRef = 03726CA61D79068B00FE7829 /* Pokemon.swift */; };
		03726CA91D790FBA00FE7829 /* PokeCell.swift in Sources */ = {isa = PBXBuildFile; fileRef = 03726CA81D790FBA00FE7829 /* PokeCell.swift */; };
		03726CAB1D79248700FE7829 /* csv.swift in Sources */ = {isa = PBXBuildFile; fileRef = 03726CAA1D79248700FE7829 /* csv.swift */; };
		03726CAD1D7A364800FE7829 /* PokemonFont.ttf in Resources */ = {isa = PBXBuildFile; fileRef = 03726CAC1D7A364800FE7829 /* PokemonFont.ttf */; };
		03726CB11D7A39B100FE7829 /* music.png in Resources */ = {isa = PBXBuildFile; fileRef = 03726CB01D7A39B100FE7829 /* music.png */; };
		03726CB31D7A39C700FE7829 /* music.mp3 in Resources */ = {isa = PBXBuildFile; fileRef = 03726CB21D7A39C700FE7829 /* music.mp3 */; };
		03726CB51D7BAF5D00FE7829 /* PokemonDetailVC.swift in Sources */ = {isa = PBXBuildFile; fileRef = 03726CB41D7BAF5D00FE7829 /* PokemonDetailVC.swift */; };
		03EFA8F41D7DD5350009B3C7 /* Constants.swift in Sources */ = {isa = PBXBuildFile; fileRef = 03EFA8F31D7DD5350009B3C7 /* Constants.swift */; };
		EDE94F6A1F42E950A3C737AE /* Pods_Pokedexxx.framework in Frameworks */ = {isa = PBXBuildFile; fileRef = CCC2C7768D8C0D17B152C831 /* Pods_Pokedexxx.framework */; };
/* End PBXBuildFile section */

/* Begin PBXFileReference section */
		035A5ED31D7900AA0007DE74 /* Pokedexxx.app */ = {isa = PBXFileReference; explicitFileType = wrapper.application; includeInIndex = 0; path = Pokedexxx.app; sourceTree = BUILT_PRODUCTS_DIR; };
		035A5ED61D7900AA0007DE74 /* AppDelegate.swift */ = {isa = PBXFileReference; lastKnownFileType = sourcecode.swift; path = AppDelegate.swift; sourceTree = "<group>"; };
		035A5ED81D7900AA0007DE74 /* ViewController.swift */ = {isa = PBXFileReference; lastKnownFileType = sourcecode.swift; path = ViewController.swift; sourceTree = "<group>"; };
		035A5EDB1D7900AA0007DE74 /* Base */ = {isa = PBXFileReference; lastKnownFileType = file.storyboard; name = Base; path = Base.lproj/Main.storyboard; sourceTree = "<group>"; };
		035A5EDD1D7900AA0007DE74 /* Assets.xcassets */ = {isa = PBXFileReference; lastKnownFileType = folder.assetcatalog; path = Assets.xcassets; sourceTree = "<group>"; };
		035A5EE01D7900AA0007DE74 /* Base */ = {isa = PBXFileReference; lastKnownFileType = file.storyboard; name = Base; path = Base.lproj/LaunchScreen.storyboard; sourceTree = "<group>"; };
		035A5EE21D7900AA0007DE74 /* Info.plist */ = {isa = PBXFileReference; lastKnownFileType = text.plist.xml; path = Info.plist; sourceTree = "<group>"; };
		03726CA11D79044F00FE7829 /* pokemon.csv */ = {isa = PBXFileReference; fileEncoding = 4; lastKnownFileType = text; path = pokemon.csv; sourceTree = "<group>"; };
		03726CA61D79068B00FE7829 /* Pokemon.swift */ = {isa = PBXFileReference; fileEncoding = 4; lastKnownFileType = sourcecode.swift; path = Pokemon.swift; sourceTree = "<group>"; };
		03726CA81D790FBA00FE7829 /* PokeCell.swift */ = {isa = PBXFileReference; fileEncoding = 4; lastKnownFileType = sourcecode.swift; path = PokeCell.swift; sourceTree = "<group>"; };
		03726CAA1D79248700FE7829 /* csv.swift */ = {isa = PBXFileReference; fileEncoding = 4; lastKnownFileType = sourcecode.swift; path = csv.swift; sourceTree = "<group>"; };
		03726CAC1D7A364800FE7829 /* PokemonFont.ttf */ = {isa = PBXFileReference; lastKnownFileType = file; path = PokemonFont.ttf; sourceTree = "<group>"; };
		03726CB01D7A39B100FE7829 /* music.png */ = {isa = PBXFileReference; lastKnownFileType = image.png; path = music.png; sourceTree = "<group>"; };
		03726CB21D7A39C700FE7829 /* music.mp3 */ = {isa = PBXFileReference; lastKnownFileType = audio.mp3; path = music.mp3; sourceTree = "<group>"; };
		03726CB41D7BAF5D00FE7829 /* PokemonDetailVC.swift */ = {isa = PBXFileReference; fileEncoding = 4; lastKnownFileType = sourcecode.swift; path = PokemonDetailVC.swift; sourceTree = "<group>"; };
		03EFA8F31D7DD5350009B3C7 /* Constants.swift */ = {isa = PBXFileReference; fileEncoding = 4; lastKnownFileType = sourcecode.swift; path = Constants.swift; sourceTree = "<group>"; };
		5C485D08BFF94403E84FF42B /* Pods-Pokedexxx.debug.xcconfig */ = {isa = PBXFileReference; includeInIndex = 1; lastKnownFileType = text.xcconfig; name = "Pods-Pokedexxx.debug.xcconfig"; path = "Pods/Target Support Files/Pods-Pokedexxx/Pods-Pokedexxx.debug.xcconfig"; sourceTree = "<group>"; };
		BCDABEAF091141CF24DF6D31 /* Pods-Pokedexxx.release.xcconfig */ = {isa = PBXFileReference; includeInIndex = 1; lastKnownFileType = text.xcconfig; name = "Pods-Pokedexxx.release.xcconfig"; path = "Pods/Target Support Files/Pods-Pokedexxx/Pods-Pokedexxx.release.xcconfig"; sourceTree = "<group>"; };
		CCC2C7768D8C0D17B152C831 /* Pods_Pokedexxx.framework */ = {isa = PBXFileReference; explicitFileType = wrapper.framework; includeInIndex = 0; path = Pods_Pokedexxx.framework; sourceTree = BUILT_PRODUCTS_DIR; };
/* End PBXFileReference section */

/* Begin PBXFrameworksBuildPhase section */
		035A5ED01D7900AA0007DE74 /* Frameworks */ = {
			isa = PBXFrameworksBuildPhase;
			buildActionMask = 2147483647;
			files = (
				EDE94F6A1F42E950A3C737AE /* Pods_Pokedexxx.framework in Frameworks */,
			);
			runOnlyForDeploymentPostprocessing = 0;
		};
/* End PBXFrameworksBuildPhase section */

/* Begin PBXGroup section */
		035A5ECA1D7900AA0007DE74 = {
			isa = PBXGroup;
			children = (
				035A5ED51D7900AA0007DE74 /* Pokedexxx */,
				035A5ED41D7900AA0007DE74 /* Products */,
				1550AA367CAEB49418F6EFDC /* Pods */,
				8DF3039179F29EDCF2258796 /* Frameworks */,
			);
			sourceTree = "<group>";
		};
		035A5ED41D7900AA0007DE74 /* Products */ = {
			isa = PBXGroup;
			children = (
				035A5ED31D7900AA0007DE74 /* Pokedexxx.app */,
			);
			name = Products;
			sourceTree = "<group>";
		};
		035A5ED51D7900AA0007DE74 /* Pokedexxx */ = {
			isa = PBXGroup;
			children = (
				03726CA51D79065600FE7829 /* Model */,
				03726CA41D79064B00FE7829 /* View */,
				03726CA31D79064800FE7829 /* Controller */,
				03726CAF1D7A370200FE7829 /* Utilities */,
				03726CAE1D7A36A600FE7829 /* Resources */,
				035A5ED61D7900AA0007DE74 /* AppDelegate.swift */,
				035A5EDA1D7900AA0007DE74 /* Main.storyboard */,
				035A5EDD1D7900AA0007DE74 /* Assets.xcassets */,
				035A5EDF1D7900AA0007DE74 /* LaunchScreen.storyboard */,
				035A5EE21D7900AA0007DE74 /* Info.plist */,
			);
			path = Pokedexxx;
			sourceTree = "<group>";
		};
		03726CA31D79064800FE7829 /* Controller */ = {
			isa = PBXGroup;
			children = (
				035A5ED81D7900AA0007DE74 /* ViewController.swift */,
				03726CB41D7BAF5D00FE7829 /* PokemonDetailVC.swift */,
			);
			name = Controller;
			sourceTree = "<group>";
		};
		03726CA41D79064B00FE7829 /* View */ = {
			isa = PBXGroup;
			children = (
				03726CA81D790FBA00FE7829 /* PokeCell.swift */,
			);
			name = View;
			sourceTree = "<group>";
		};
		03726CA51D79065600FE7829 /* Model */ = {
			isa = PBXGroup;
			children = (
				03726CA61D79068B00FE7829 /* Pokemon.swift */,
			);
			name = Model;
			sourceTree = "<group>";
		};
		03726CAE1D7A36A600FE7829 /* Resources */ = {
			isa = PBXGroup;
			children = (
				03726CB21D7A39C700FE7829 /* music.mp3 */,
				03726CB01D7A39B100FE7829 /* music.png */,
				03726CA11D79044F00FE7829 /* pokemon.csv */,
				03726CAC1D7A364800FE7829 /* PokemonFont.ttf */,
			);
			name = Resources;
			sourceTree = "<group>";
		};
		03726CAF1D7A370200FE7829 /* Utilities */ = {
			isa = PBXGroup;
			children = (
				03726CAA1D79248700FE7829 /* csv.swift */,
				03EFA8F31D7DD5350009B3C7 /* Constants.swift */,
			);
			name = Utilities;
			sourceTree = "<group>";
		};
		1550AA367CAEB49418F6EFDC /* Pods */ = {
			isa = PBXGroup;
			children = (
				5C485D08BFF94403E84FF42B /* Pods-Pokedexxx.debug.xcconfig */,
				BCDABEAF091141CF24DF6D31 /* Pods-Pokedexxx.release.xcconfig */,
			);
			name = Pods;
			sourceTree = "<group>";
		};
		8DF3039179F29EDCF2258796 /* Frameworks */ = {
			isa = PBXGroup;
			children = (
				CCC2C7768D8C0D17B152C831 /* Pods_Pokedexxx.framework */,
			);
			name = Frameworks;
			sourceTree = "<group>";
		};
/* End PBXGroup section */

/* Begin PBXNativeTarget section */
		035A5ED21D7900AA0007DE74 /* Pokedexxx */ = {
			isa = PBXNativeTarget;
			buildConfigurationList = 035A5EE51D7900AA0007DE74 /* Build configuration list for PBXNativeTarget "Pokedexxx" */;
			buildPhases = (
				095FC677692AE8342E42C0E2 /* [CP] Check Pods Manifest.lock */,
				035A5ECF1D7900AA0007DE74 /* Sources */,
				035A5ED01D7900AA0007DE74 /* Frameworks */,
				035A5ED11D7900AA0007DE74 /* Resources */,
				B1E41E6562D0CDCB73091B57 /* [CP] Embed Pods Frameworks */,
				CC9ED67ED3CEFC876D53271F /* [CP] Copy Pods Resources */,
			);
			buildRules = (
			);
			dependencies = (
			);
			name = Pokedexxx;
			productName = Pokedexxx;
			productReference = 035A5ED31D7900AA0007DE74 /* Pokedexxx.app */;
			productType = "com.apple.product-type.application";
		};
/* End PBXNativeTarget section */

/* Begin PBXProject section */
		035A5ECB1D7900AA0007DE74 /* Project object */ = {
			isa = PBXProject;
			attributes = {
				LastSwiftUpdateCheck = 0800;
				LastUpgradeCheck = 0800;
				ORGANIZATIONNAME = "D Conway";
				TargetAttributes = {
					035A5ED21D7900AA0007DE74 = {
						CreatedOnToolsVersion = 8.0;
						DevelopmentTeam = X3MF58BS4U;
						LastSwiftMigration = 0800;
						ProvisioningStyle = Automatic;
					};
				};
			};
			buildConfigurationList = 035A5ECE1D7900AA0007DE74 /* Build configuration list for PBXProject "Pokedexxx" */;
			compatibilityVersion = "Xcode 3.2";
			developmentRegion = English;
			hasScannedForEncodings = 0;
			knownRegions = (
				en,
				Base,
			);
			mainGroup = 035A5ECA1D7900AA0007DE74;
			productRefGroup = 035A5ED41D7900AA0007DE74 /* Products */;
			projectDirPath = "";
			projectRoot = "";
			targets = (
				035A5ED21D7900AA0007DE74 /* Pokedexxx */,
			);
		};
/* End PBXProject section */

/* Begin PBXResourcesBuildPhase section */
		035A5ED11D7900AA0007DE74 /* Resources */ = {
			isa = PBXResourcesBuildPhase;
			buildActionMask = 2147483647;
			files = (
				03726CAD1D7A364800FE7829 /* PokemonFont.ttf in Resources */,
				035A5EE11D7900AA0007DE74 /* LaunchScreen.storyboard in Resources */,
				035A5EDE1D7900AA0007DE74 /* Assets.xcassets in Resources */,
				03726CA21D79044F00FE7829 /* pokemon.csv in Resources */,
				035A5EDC1D7900AA0007DE74 /* Main.storyboard in Resources */,
				03726CB31D7A39C700FE7829 /* music.mp3 in Resources */,
				03726CB11D7A39B100FE7829 /* music.png in Resources */,
			);
			runOnlyForDeploymentPostprocessing = 0;
		};
/* End PBXResourcesBuildPhase section */

/* Begin PBXShellScriptBuildPhase section */
		095FC677692AE8342E42C0E2 /* [CP] Check Pods Manifest.lock */ = {
			isa = PBXShellScriptBuildPhase;
			buildActionMask = 2147483647;
			files = (
			);
			inputPaths = (
			);
			name = "[CP] Check Pods Manifest.lock";
			outputPaths = (
			);
			runOnlyForDeploymentPostprocessing = 0;
			shellPath = /bin/sh;
			shellScript = "diff \"${PODS_ROOT}/../Podfile.lock\" \"${PODS_ROOT}/Manifest.lock\" > /dev/null\nif [[ $? != 0 ]] ; then\n    cat << EOM\nerror: The sandbox is not in sync with the Podfile.lock. Run 'pod install' or update your CocoaPods installation.\nEOM\n    exit 1\nfi\n";
			showEnvVarsInLog = 0;
		};
		B1E41E6562D0CDCB73091B57 /* [CP] Embed Pods Frameworks */ = {
			isa = PBXShellScriptBuildPhase;
			buildActionMask = 2147483647;
			files = (
			);
			inputPaths = (
			);
			name = "[CP] Embed Pods Frameworks";
			outputPaths = (
			);
			runOnlyForDeploymentPostprocessing = 0;
			shellPath = /bin/sh;
			shellScript = "\"${SRCROOT}/Pods/Target Support Files/Pods-Pokedexxx/Pods-Pokedexxx-frameworks.sh\"\n";
			showEnvVarsInLog = 0;
		};
		CC9ED67ED3CEFC876D53271F /* [CP] Copy Pods Resources */ = {
			isa = PBXShellScriptBuildPhase;
			buildActionMask = 2147483647;
			files = (
			);
			inputPaths = (
			);
			name = "[CP] Copy Pods Resources";
			outputPaths = (
			);
			runOnlyForDeploymentPostprocessing = 0;
			shellPath = /bin/sh;
			shellScript = "\"${SRCROOT}/Pods/Target Support Files/Pods-Pokedexxx/Pods-Pokedexxx-resources.sh\"\n";
			showEnvVarsInLog = 0;
		};
/* End PBXShellScriptBuildPhase section */

/* Begin PBXSourcesBuildPhase section */
		035A5ECF1D7900AA0007DE74 /* Sources */ = {
			isa = PBXSourcesBuildPhase;
			buildActionMask = 2147483647;
			files = (
				03726CA91D790FBA00FE7829 /* PokeCell.swift in Sources */,
				035A5ED91D7900AA0007DE74 /* ViewController.swift in Sources */,
				035A5ED71D7900AA0007DE74 /* AppDelegate.swift in Sources */,
				03726CB51D7BAF5D00FE7829 /* PokemonDetailVC.swift in Sources */,
				03EFA8F41D7DD5350009B3C7 /* Constants.swift in Sources */,
				03726CA71D79068B00FE7829 /* Pokemon.swift in Sources */,
				03726CAB1D79248700FE7829 /* csv.swift in Sources */,
			);
			runOnlyForDeploymentPostprocessing = 0;
		};
/* End PBXSourcesBuildPhase section */

/* Begin PBXVariantGroup section */
		035A5EDA1D7900AA0007DE74 /* Main.storyboard */ = {
			isa = PBXVariantGroup;
			children = (
				035A5EDB1D7900AA0007DE74 /* Base */,
			);
			name = Main.storyboard;
			sourceTree = "<group>";
		};
		035A5EDF1D7900AA0007DE74 /* LaunchScreen.storyboard */ = {
			isa = PBXVariantGroup;
			children = (
				035A5EE01D7900AA0007DE74 /* Base */,
			);
			name = LaunchScreen.storyboard;
			sourceTree = "<group>";
		};
/* End PBXVariantGroup section */

/* Begin XCBuildConfiguration section */
		035A5EE31D7900AA0007DE74 /* Debug */ = {
			isa = XCBuildConfiguration;
			buildSettings = {
				ALWAYS_SEARCH_USER_PATHS = NO;
				CLANG_ANALYZER_NONNULL = YES;
				CLANG_CXX_LANGUAGE_STANDARD = "gnu++0x";
				CLANG_CXX_LIBRARY = "libc++";
				CLANG_ENABLE_MODULES = YES;
				CLANG_ENABLE_OBJC_ARC = YES;
				CLANG_WARN_BOOL_CONVERSION = YES;
				CLANG_WARN_CONSTANT_CONVERSION = YES;
				CLANG_WARN_DIRECT_OBJC_ISA_USAGE = YES_ERROR;
				CLANG_WARN_DOCUMENTATION_COMMENTS = YES;
				CLANG_WARN_EMPTY_BODY = YES;
				CLANG_WARN_ENUM_CONVERSION = YES;
				CLANG_WARN_INFINITE_RECURSION = YES;
				CLANG_WARN_INT_CONVERSION = YES;
				CLANG_WARN_OBJC_ROOT_CLASS = YES_ERROR;
				CLANG_WARN_SUSPICIOUS_MOVES = YES;
				CLANG_WARN_UNREACHABLE_CODE = YES;
				CLANG_WARN__DUPLICATE_METHOD_MATCH = YES;
				"CODE_SIGN_IDENTITY[sdk=iphoneos*]" = "iPhone Developer";
				COPY_PHASE_STRIP = NO;
				DEBUG_INFORMATION_FORMAT = dwarf;
				ENABLE_STRICT_OBJC_MSGSEND = YES;
				ENABLE_TESTABILITY = YES;
				GCC_C_LANGUAGE_STANDARD = gnu99;
				GCC_DYNAMIC_NO_PIC = NO;
				GCC_NO_COMMON_BLOCKS = YES;
				GCC_OPTIMIZATION_LEVEL = 0;
				GCC_PREPROCESSOR_DEFINITIONS = (
					"DEBUG=1",
					"$(inherited)",
				);
				GCC_WARN_64_TO_32_BIT_CONVERSION = YES;
				GCC_WARN_ABOUT_RETURN_TYPE = YES_ERROR;
				GCC_WARN_UNDECLARED_SELECTOR = YES;
				GCC_WARN_UNINITIALIZED_AUTOS = YES_AGGRESSIVE;
				GCC_WARN_UNUSED_FUNCTION = YES;
				GCC_WARN_UNUSED_VARIABLE = YES;
				IPHONEOS_DEPLOYMENT_TARGET = 10.0;
				MTL_ENABLE_DEBUG_INFO = YES;
				ONLY_ACTIVE_ARCH = YES;
				SDKROOT = iphoneos;
				SWIFT_ACTIVE_COMPILATION_CONDITIONS = DEBUG;
				SWIFT_OPTIMIZATION_LEVEL = "-Onone";
			};
			name = Debug;
		};
		035A5EE41D7900AA0007DE74 /* Release */ = {
			isa = XCBuildConfiguration;
			buildSettings = {
				ALWAYS_SEARCH_USER_PATHS = NO;
				CLANG_ANALYZER_NONNULL = YES;
				CLANG_CXX_LANGUAGE_STANDARD = "gnu++0x";
				CLANG_CXX_LIBRARY = "libc++";
				CLANG_ENABLE_MODULES = YES;
				CLANG_ENABLE_OBJC_ARC = YES;
				CLANG_WARN_BOOL_CONVERSION = YES;
				CLANG_WARN_CONSTANT_CONVERSION = YES;
				CLANG_WARN_DIRECT_OBJC_ISA_USAGE = YES_ERROR;
				CLANG_WARN_DOCUMENTATION_COMMENTS = YES;
				CLANG_WARN_EMPTY_BODY = YES;
				CLANG_WARN_ENUM_CONVERSION = YES;
				CLANG_WARN_INFINITE_RECURSION = YES;
				CLANG_WARN_INT_CONVERSION = YES;
				CLANG_WARN_OBJC_ROOT_CLASS = YES_ERROR;
				CLANG_WARN_SUSPICIOUS_MOVES = YES;
				CLANG_WARN_UNREACHABLE_CODE = YES;
				CLANG_WARN__DUPLICATE_METHOD_MATCH = YES;
				"CODE_SIGN_IDENTITY[sdk=iphoneos*]" = "iPhone Developer";
				COPY_PHASE_STRIP = NO;
				DEBUG_INFORMATION_FORMAT = "dwarf-with-dsym";
				ENABLE_NS_ASSERTIONS = NO;
				ENABLE_STRICT_OBJC_MSGSEND = YES;
				GCC_C_LANGUAGE_STANDARD = gnu99;
				GCC_NO_COMMON_BLOCKS = YES;
				GCC_WARN_64_TO_32_BIT_CONVERSION = YES;
				GCC_WARN_ABOUT_RETURN_TYPE = YES_ERROR;
				GCC_WARN_UNDECLARED_SELECTOR = YES;
				GCC_WARN_UNINITIALIZED_AUTOS = YES_AGGRESSIVE;
				GCC_WARN_UNUSED_FUNCTION = YES;
				GCC_WARN_UNUSED_VARIABLE = YES;
				IPHONEOS_DEPLOYMENT_TARGET = 10.0;
				MTL_ENABLE_DEBUG_INFO = NO;
				SDKROOT = iphoneos;
				SWIFT_OPTIMIZATION_LEVEL = "-Owholemodule";
				VALIDATE_PRODUCT = YES;
			};
			name = Release;
		};
		035A5EE61D7900AA0007DE74 /* Debug */ = {
			isa = XCBuildConfiguration;
			baseConfigurationReference = 5C485D08BFF94403E84FF42B /* Pods-Pokedexxx.debug.xcconfig */;
			buildSettings = {
				ASSETCATALOG_COMPILER_APPICON_NAME = AppIcon;
				DEVELOPMENT_TEAM = X3MF58BS4U;
				INFOPLIST_FILE = Pokedexxx/Info.plist;
				LD_RUNPATH_SEARCH_PATHS = "$(inherited) @executable_path/Frameworks";
				PRODUCT_BUNDLE_IDENTIFIER = com.Derek.Pokedexxx;
				PRODUCT_NAME = "$(TARGET_NAME)";
				SWIFT_VERSION = 3.0;
			};
			name = Debug;
		};
		035A5EE71D7900AA0007DE74 /* Release */ = {
			isa = XCBuildConfiguration;
			baseConfigurationReference = BCDABEAF091141CF24DF6D31 /* Pods-Pokedexxx.release.xcconfig */;
			buildSettings = {
				ASSETCATALOG_COMPILER_APPICON_NAME = AppIcon;
				DEVELOPMENT_TEAM = X3MF58BS4U;
				INFOPLIST_FILE = Pokedexxx/Info.plist;
				LD_RUNPATH_SEARCH_PATHS = "$(inherited) @executable_path/Frameworks";
				PRODUCT_BUNDLE_IDENTIFIER = com.Derek.Pokedexxx;
				PRODUCT_NAME = "$(TARGET_NAME)";
				SWIFT_VERSION = 3.0;
			};
			name = Release;
		};
/* End XCBuildConfiguration section */

/* Begin XCConfigurationList section */
		035A5ECE1D7900AA0007DE74 /* Build configuration list for PBXProject "Pokedexxx" */ = {
			isa = XCConfigurationList;
			buildConfigurations = (
				035A5EE31D7900AA0007DE74 /* Debug */,
				035A5EE41D7900AA0007DE74 /* Release */,
			);
			defaultConfigurationIsVisible = 0;
			defaultConfigurationName = Release;
		};
		035A5EE51D7900AA0007DE74 /* Build configuration list for PBXNativeTarget "Pokedexxx" */ = {
			isa = XCConfigurationList;
			buildConfigurations = (
				035A5EE61D7900AA0007DE74 /* Debug */,
				035A5EE71D7900AA0007DE74 /* Release */,
			);
			defaultConfigurationIsVisible = 0;
			defaultConfigurationName = Release;
		};
/* End XCConfigurationList section */
	};
	rootObject = 035A5ECB1D7900AA0007DE74 /* Project object */;
}
